
Microsoft Visual Studio Solution File, Format Version 12.00
# Visual Studio Version 16
VisualStudioVersion = 16.0.30014.187
MinimumVisualStudioVersion = 10.0.40219.1
Project("{FAE04EC0-301F-11D3-BF4B-00C04F79EFBC}") = "Generate-Cnblogs-Articles-To-Markdown", "Generate-Cnblogs-Articles-To-Markdown.csproj", "{0BA90A9E-02EC-4152-B312-E4E4FBB8DE6C}"
EndProject
Global
	GlobalSection(SolutionConfigurationPlatforms) = preSolution
		Debug|Any CPU = Debug|Any CPU
		Release|Any CPU = Release|Any CPU
	EndGlobalSection
	GlobalSection(ProjectConfigurationPlatforms) = postSolution
		{0BA90A9E-02EC-4152-B312-E4E4FBB8DE6C}.Debug|Any CPU.ActiveCfg = Debug|Any CPU
		{0BA90A9E-02EC-4152-B312-E4E4FBB8DE6C}.Debug|Any CPU.Build.0 = Debug|Any CPU
		{0BA90A9E-02EC-4152-B312-E4E4FBB8DE6C}.Release|Any CPU.ActiveCfg = Release|Any CPU
		{0BA90A9E-02EC-4152-B312-E4E4FBB8DE6C}.Release|Any CPU.Build.0 = Release|Any CPU
	EndGlobalSection
	GlobalSection(SolutionProperties) = preSolution
		HideSolutionNode = FALSE
	EndGlobalSection
	GlobalSection(ExtensibilityGlobals) = postSolution
		SolutionGuid = {C28D50CC-0C6B-4565-BEB4-06F5A34492E7}
	EndGlobalSection
EndGlobal
